
Microsoft Visual Studio Solution File, Format Version 12.00
# Visual Studio Version 16
VisualStudioVersion = 16.0.30413.136
MinimumVisualStudioVersion = 10.0.40219.1
Project("{FAE04EC0-301F-11D3-BF4B-00C04F79EFBC}") = "Senai.MaisVagas.WebApi", "Senai.MaisVagas.WebApi\Senai.MaisVagas.WebApi.csproj", "{8E1C3682-CC92-481B-BAA8-C33DAEC41173}"
EndProject
Global
	GlobalSection(SolutionConfigurationPlatforms) = preSolution
		Debug|Any CPU = Debug|Any CPU
		Release|Any CPU = Release|Any CPU
	EndGlobalSection
	GlobalSection(ProjectConfigurationPlatforms) = postSolution
		{8E1C3682-CC92-481B-BAA8-C33DAEC41173}.Debug|Any CPU.ActiveCfg = Debug|Any CPU
		{8E1C3682-CC92-481B-BAA8-C33DAEC41173}.Debug|Any CPU.Build.0 = Debug|Any CPU
		{8E1C3682-CC92-481B-BAA8-C33DAEC41173}.Release|Any CPU.ActiveCfg = Release|Any CPU
		{8E1C3682-CC92-481B-BAA8-C33DAEC41173}.Release|Any CPU.Build.0 = Release|Any CPU
	EndGlobalSection
	GlobalSection(SolutionProperties) = preSolution
		HideSolutionNode = FALSE
	EndGlobalSection
	GlobalSection(ExtensibilityGlobals) = postSolution
		SolutionGuid = {FC098F12-47AA-4BF4-8AC2-1E4A8401AB0C}
	EndGlobalSection
EndGlobal
